// !$*UTF8*$!
{
	archiveVersion = 1;
	classes = {
	};
	objectVersion = 55;
	objects = {

/* Begin PBXBuildFile section */
		2E72EA1528437AAA00199035 /* PictureXib.xib in Resources */ = {isa = PBXBuildFile; fileRef = 2E72EA1428437AAA00199035 /* PictureXib.xib */; };
		2E72EA1728437C2100199035 /* PictureView.swift in Sources */ = {isa = PBXBuildFile; fileRef = 2E72EA1628437C2100199035 /* PictureView.swift */; };
		2E969D4B2859E7FC000BA4D5 /* ImageManager.swift in Sources */ = {isa = PBXBuildFile; fileRef = 2E969D4A2859E7FC000BA4D5 /* ImageManager.swift */; };
		2EC37A2C2844C87400408277 /* DidTapOnPictureViewDelegate.swift in Sources */ = {isa = PBXBuildFile; fileRef = 2EC37A2B2844C87400408277 /* DidTapOnPictureViewDelegate.swift */; };
		2ECC4AC6285CD64800A2B7D5 /* GridLayout.swift in Sources */ = {isa = PBXBuildFile; fileRef = 2ECC4AC5285CD64800A2B7D5 /* GridLayout.swift */; };
		2EE941F42824919300A94F11 /* AppDelegate.swift in Sources */ = {isa = PBXBuildFile; fileRef = 2EE941F32824919300A94F11 /* AppDelegate.swift */; };
		2EE941F62824919300A94F11 /* SceneDelegate.swift in Sources */ = {isa = PBXBuildFile; fileRef = 2EE941F52824919300A94F11 /* SceneDelegate.swift */; };
		2EE941F82824919300A94F11 /* ViewController.swift in Sources */ = {isa = PBXBuildFile; fileRef = 2EE941F72824919300A94F11 /* ViewController.swift */; };
		2EE941FB2824919300A94F11 /* MainStoryboard.storyboard in Resources */ = {isa = PBXBuildFile; fileRef = 2EE941F92824919300A94F11 /* MainStoryboard.storyboard */; };
		2EE941FD2824919400A94F11 /* Assets.xcassets in Resources */ = {isa = PBXBuildFile; fileRef = 2EE941FC2824919400A94F11 /* Assets.xcassets */; };
		2EE942002824919400A94F11 /* LaunchScreen.storyboard in Resources */ = {isa = PBXBuildFile; fileRef = 2EE941FE2824919400A94F11 /* LaunchScreen.storyboard */; };
		2EE9420B282492FE00A94F11 /* Delm-Medium.otf in Resources */ = {isa = PBXBuildFile; fileRef = 2EE9420A282492FE00A94F11 /* Delm-Medium.otf */; };
		2EE9420D2824930A00A94F11 /* ThirstySoftRegular.otf in Resources */ = {isa = PBXBuildFile; fileRef = 2EE9420C2824930A00A94F11 /* ThirstySoftRegular.otf */; };
/* End PBXBuildFile section */

/* Begin PBXFileReference section */
		2E72EA1428437AAA00199035 /* PictureXib.xib */ = {isa = PBXFileReference; lastKnownFileType = file.xib; path = PictureXib.xib; sourceTree = "<group>"; };
		2E72EA1628437C2100199035 /* PictureView.swift */ = {isa = PBXFileReference; lastKnownFileType = sourcecode.swift; path = PictureView.swift; sourceTree = "<group>"; };
		2E969D4A2859E7FC000BA4D5 /* ImageManager.swift */ = {isa = PBXFileReference; lastKnownFileType = sourcecode.swift; path = ImageManager.swift; sourceTree = "<group>"; };
		2EC37A2B2844C87400408277 /* DidTapOnPictureViewDelegate.swift */ = {isa = PBXFileReference; lastKnownFileType = sourcecode.swift; path = DidTapOnPictureViewDelegate.swift; sourceTree = "<group>"; };
		2ECC4AC5285CD64800A2B7D5 /* GridLayout.swift */ = {isa = PBXFileReference; lastKnownFileType = sourcecode.swift; path = GridLayout.swift; sourceTree = "<group>"; };
		2EE941F02824919300A94F11 /* Instagrid.app */ = {isa = PBXFileReference; explicitFileType = wrapper.application; includeInIndex = 0; path = Instagrid.app; sourceTree = BUILT_PRODUCTS_DIR; };
		2EE941F32824919300A94F11 /* AppDelegate.swift */ = {isa = PBXFileReference; lastKnownFileType = sourcecode.swift; path = AppDelegate.swift; sourceTree = "<group>"; };
		2EE941F52824919300A94F11 /* SceneDelegate.swift */ = {isa = PBXFileReference; lastKnownFileType = sourcecode.swift; path = SceneDelegate.swift; sourceTree = "<group>"; };
		2EE941F72824919300A94F11 /* ViewController.swift */ = {isa = PBXFileReference; lastKnownFileType = sourcecode.swift; path = ViewController.swift; sourceTree = "<group>"; };
		2EE941FA2824919300A94F11 /* Base */ = {isa = PBXFileReference; lastKnownFileType = file.storyboard; name = Base; path = Base.lproj/MainStoryboard.storyboard; sourceTree = "<group>"; };
		2EE941FC2824919400A94F11 /* Assets.xcassets */ = {isa = PBXFileReference; lastKnownFileType = folder.assetcatalog; path = Assets.xcassets; sourceTree = "<group>"; };
		2EE941FF2824919400A94F11 /* Base */ = {isa = PBXFileReference; lastKnownFileType = file.storyboard; name = Base; path = Base.lproj/LaunchScreen.storyboard; sourceTree = "<group>"; };
		2EE942012824919400A94F11 /* Info.plist */ = {isa = PBXFileReference; lastKnownFileType = text.plist.xml; path = Info.plist; sourceTree = "<group>"; };
		2EE9420A282492FE00A94F11 /* Delm-Medium.otf */ = {isa = PBXFileReference; lastKnownFileType = file; path = "Delm-Medium.otf"; sourceTree = "<group>"; };
		2EE9420C2824930A00A94F11 /* ThirstySoftRegular.otf */ = {isa = PBXFileReference; lastKnownFileType = file; path = ThirstySoftRegular.otf; sourceTree = "<group>"; };
/* End PBXFileReference section */

/* Begin PBXFrameworksBuildPhase section */
		2EE941ED2824919300A94F11 /* Frameworks */ = {
			isa = PBXFrameworksBuildPhase;
			buildActionMask = 2147483647;
			files = (
			);
			runOnlyForDeploymentPostprocessing = 0;
		};
/* End PBXFrameworksBuildPhase section */

/* Begin PBXGroup section */
		2ECC4AC4285CD63100A2B7D5 /* Model */ = {
			isa = PBXGroup;
			children = (
				2E969D4A2859E7FC000BA4D5 /* ImageManager.swift */,
				2ECC4AC5285CD64800A2B7D5 /* GridLayout.swift */,
			);
			path = Model;
			sourceTree = "<group>";
		};
		2EE941E72824919300A94F11 = {
			isa = PBXGroup;
			children = (
				2EE941F22824919300A94F11 /* Instagrid */,
				2EE941F12824919300A94F11 /* Products */,
			);
			sourceTree = "<group>";
		};
		2EE941F12824919300A94F11 /* Products */ = {
			isa = PBXGroup;
			children = (
				2EE941F02824919300A94F11 /* Instagrid.app */,
			);
			name = Products;
			sourceTree = "<group>";
		};
		2EE941F22824919300A94F11 /* Instagrid */ = {
			isa = PBXGroup;
			children = (
				2ECC4AC4285CD63100A2B7D5 /* Model */,
				2EE94209282492B100A94F11 /* View */,
				2EE942082824928F00A94F11 /* Controller */,
				2EE942072824927900A94F11 /* Supporting Files */,
			);
			path = Instagrid;
			sourceTree = "<group>";
		};
		2EE942072824927900A94F11 /* Supporting Files */ = {
			isa = PBXGroup;
			children = (
				2EE941F32824919300A94F11 /* AppDelegate.swift */,
				2EE941F52824919300A94F11 /* SceneDelegate.swift */,
				2EE941FE2824919400A94F11 /* LaunchScreen.storyboard */,
				2EE941FC2824919400A94F11 /* Assets.xcassets */,
				2EE9420A282492FE00A94F11 /* Delm-Medium.otf */,
				2EE9420C2824930A00A94F11 /* ThirstySoftRegular.otf */,
				2EE942012824919400A94F11 /* Info.plist */,
			);
			path = "Supporting Files";
			sourceTree = "<group>";
		};
		2EE942082824928F00A94F11 /* Controller */ = {
			isa = PBXGroup;
			children = (
				2EE941F72824919300A94F11 /* ViewController.swift */,
				2EC37A2B2844C87400408277 /* DidTapOnPictureViewDelegate.swift */,
			);
			path = Controller;
			sourceTree = "<group>";
		};
		2EE94209282492B100A94F11 /* View */ = {
			isa = PBXGroup;
			children = (
				2EE941F92824919300A94F11 /* MainStoryboard.storyboard */,
				2E72EA1428437AAA00199035 /* PictureXib.xib */,
				2E72EA1628437C2100199035 /* PictureView.swift */,
			);
			path = View;
			sourceTree = "<group>";
		};
/* End PBXGroup section */

/* Begin PBXNativeTarget section */
		2EE941EF2824919300A94F11 /* Instagrid */ = {
			isa = PBXNativeTarget;
			buildConfigurationList = 2EE942042824919400A94F11 /* Build configuration list for PBXNativeTarget "Instagrid" */;
			buildPhases = (
				2E11DA1D2860D87000CE14A7 /* Swiftlint */,
				2EE941EC2824919300A94F11 /* Sources */,
				2EE941ED2824919300A94F11 /* Frameworks */,
				2EE941EE2824919300A94F11 /* Resources */,
			);
			buildRules = (
			);
			dependencies = (
			);
			name = Instagrid;
			productName = Instagrid;
			productReference = 2EE941F02824919300A94F11 /* Instagrid.app */;
			productType = "com.apple.product-type.application";
		};
/* End PBXNativeTarget section */

/* Begin PBXProject section */
		2EE941E82824919300A94F11 /* Project object */ = {
			isa = PBXProject;
			attributes = {
				BuildIndependentTargetsInParallel = 1;
				LastSwiftUpdateCheck = 1330;
				LastUpgradeCheck = 1330;
				TargetAttributes = {
					2EE941EF2824919300A94F11 = {
						CreatedOnToolsVersion = 13.3.1;
					};
				};
			};
			buildConfigurationList = 2EE941EB2824919300A94F11 /* Build configuration list for PBXProject "Instagrid" */;
			compatibilityVersion = "Xcode 13.0";
			developmentRegion = en;
			hasScannedForEncodings = 0;
			knownRegions = (
				en,
				Base,
			);
			mainGroup = 2EE941E72824919300A94F11;
			productRefGroup = 2EE941F12824919300A94F11 /* Products */;
			projectDirPath = "";
			projectRoot = "";
			targets = (
				2EE941EF2824919300A94F11 /* Instagrid */,
			);
		};
/* End PBXProject section */

/* Begin PBXResourcesBuildPhase section */
		2EE941EE2824919300A94F11 /* Resources */ = {
			isa = PBXResourcesBuildPhase;
			buildActionMask = 2147483647;
			files = (
				2EE942002824919400A94F11 /* LaunchScreen.storyboard in Resources */,
				2E72EA1528437AAA00199035 /* PictureXib.xib in Resources */,
				2EE941FD2824919400A94F11 /* Assets.xcassets in Resources */,
				2EE9420D2824930A00A94F11 /* ThirstySoftRegular.otf in Resources */,
				2EE9420B282492FE00A94F11 /* Delm-Medium.otf in Resources */,
				2EE941FB2824919300A94F11 /* MainStoryboard.storyboard in Resources */,
			);
			runOnlyForDeploymentPostprocessing = 0;
		};
/* End PBXResourcesBuildPhase section */

/* Begin PBXShellScriptBuildPhase section */
		2E11DA1D2860D87000CE14A7 /* Swiftlint */ = {
			isa = PBXShellScriptBuildPhase;
			buildActionMask = 2147483647;
			files = (
			);
			inputFileListPaths = (
			);
			inputPaths = (
			);
			name = Swiftlint;
			outputFileListPaths = (
			);
			outputPaths = (
			);
			runOnlyForDeploymentPostprocessing = 0;
			shellPath = /bin/sh;
			shellScript = "# Type a script or drag a script file from your workspace to insert its path.\nexport PATH=\"$PATH:/opt/homebrew/bin\"\nif which swiftlint > /dev/null; then\n  swiftlint\nelse\n  echo \"warning: SwiftLint not installed, download from https://github.com/realm/SwiftLint\"\nfi\n";
		};
/* End PBXShellScriptBuildPhase section */

/* Begin PBXSourcesBuildPhase section */
		2EE941EC2824919300A94F11 /* Sources */ = {
			isa = PBXSourcesBuildPhase;
			buildActionMask = 2147483647;
			files = (
				2EE941F82824919300A94F11 /* ViewController.swift in Sources */,
				2EE941F42824919300A94F11 /* AppDelegate.swift in Sources */,
				2EE941F62824919300A94F11 /* SceneDelegate.swift in Sources */,
				2EC37A2C2844C87400408277 /* DidTapOnPictureViewDelegate.swift in Sources */,
				2E72EA1728437C2100199035 /* PictureView.swift in Sources */,
				2ECC4AC6285CD64800A2B7D5 /* GridLayout.swift in Sources */,
				2E969D4B2859E7FC000BA4D5 /* ImageManager.swift in Sources */,
			);
			runOnlyForDeploymentPostprocessing = 0;
		};
/* End PBXSourcesBuildPhase section */

/* Begin PBXVariantGroup section */
		2EE941F92824919300A94F11 /* MainStoryboard.storyboard */ = {
			isa = PBXVariantGroup;
			children = (
				2EE941FA2824919300A94F11 /* Base */,
			);
			name = MainStoryboard.storyboard;
			sourceTree = "<group>";
		};
		2EE941FE2824919400A94F11 /* LaunchScreen.storyboard */ = {
			isa = PBXVariantGroup;
			children = (
				2EE941FF2824919400A94F11 /* Base */,
			);
			name = LaunchScreen.storyboard;
			sourceTree = "<group>";
		};
/* End PBXVariantGroup section */

/* Begin XCBuildConfiguration section */
		2EE942022824919400A94F11 /* Debug */ = {
			isa = XCBuildConfiguration;
			buildSettings = {
				ALWAYS_SEARCH_USER_PATHS = NO;
				CLANG_ANALYZER_NONNULL = YES;
				CLANG_ANALYZER_NUMBER_OBJECT_CONVERSION = YES_AGGRESSIVE;
				CLANG_CXX_LANGUAGE_STANDARD = "gnu++17";
				CLANG_ENABLE_MODULES = YES;
				CLANG_ENABLE_OBJC_ARC = YES;
				CLANG_ENABLE_OBJC_WEAK = YES;
				CLANG_WARN_BLOCK_CAPTURE_AUTORELEASING = YES;
				CLANG_WARN_BOOL_CONVERSION = YES;
				CLANG_WARN_COMMA = YES;
				CLANG_WARN_CONSTANT_CONVERSION = YES;
				CLANG_WARN_DEPRECATED_OBJC_IMPLEMENTATIONS = YES;
				CLANG_WARN_DIRECT_OBJC_ISA_USAGE = YES_ERROR;
				CLANG_WARN_DOCUMENTATION_COMMENTS = YES;
				CLANG_WARN_EMPTY_BODY = YES;
				CLANG_WARN_ENUM_CONVERSION = YES;
				CLANG_WARN_INFINITE_RECURSION = YES;
				CLANG_WARN_INT_CONVERSION = YES;
				CLANG_WARN_NON_LITERAL_NULL_CONVERSION = YES;
				CLANG_WARN_OBJC_IMPLICIT_RETAIN_SELF = YES;
				CLANG_WARN_OBJC_LITERAL_CONVERSION = YES;
				CLANG_WARN_OBJC_ROOT_CLASS = YES_ERROR;
				CLANG_WARN_QUOTED_INCLUDE_IN_FRAMEWORK_HEADER = YES;
				CLANG_WARN_RANGE_LOOP_ANALYSIS = YES;
				CLANG_WARN_STRICT_PROTOTYPES = YES;
				CLANG_WARN_SUSPICIOUS_MOVE = YES;
				CLANG_WARN_UNGUARDED_AVAILABILITY = YES_AGGRESSIVE;
				CLANG_WARN_UNREACHABLE_CODE = YES;
				CLANG_WARN__DUPLICATE_METHOD_MATCH = YES;
				COPY_PHASE_STRIP = NO;
				DEBUG_INFORMATION_FORMAT = dwarf;
				ENABLE_STRICT_OBJC_MSGSEND = YES;
				ENABLE_TESTABILITY = YES;
				GCC_C_LANGUAGE_STANDARD = gnu11;
				GCC_DYNAMIC_NO_PIC = NO;
				GCC_NO_COMMON_BLOCKS = YES;
				GCC_OPTIMIZATION_LEVEL = 0;
				GCC_PREPROCESSOR_DEFINITIONS = (
					"DEBUG=1",
					"$(inherited)",
				);
				GCC_WARN_64_TO_32_BIT_CONVERSION = YES;
				GCC_WARN_ABOUT_RETURN_TYPE = YES_ERROR;
				GCC_WARN_UNDECLARED_SELECTOR = YES;
				GCC_WARN_UNINITIALIZED_AUTOS = YES_AGGRESSIVE;
				GCC_WARN_UNUSED_FUNCTION = YES;
				GCC_WARN_UNUSED_VARIABLE = YES;
				IPHONEOS_DEPLOYMENT_TARGET = 15.4;
				MTL_ENABLE_DEBUG_INFO = INCLUDE_SOURCE;
				MTL_FAST_MATH = YES;
				ONLY_ACTIVE_ARCH = YES;
				SDKROOT = iphoneos;
				SWIFT_ACTIVE_COMPILATION_CONDITIONS = DEBUG;
				SWIFT_OPTIMIZATION_LEVEL = "-Onone";
			};
			name = Debug;
		};
		2EE942032824919400A94F11 /* Release */ = {
			isa = XCBuildConfiguration;
			buildSettings = {
				ALWAYS_SEARCH_USER_PATHS = NO;
				CLANG_ANALYZER_NONNULL = YES;
				CLANG_ANALYZER_NUMBER_OBJECT_CONVERSION = YES_AGGRESSIVE;
				CLANG_CXX_LANGUAGE_STANDARD = "gnu++17";
				CLANG_ENABLE_MODULES = YES;
				CLANG_ENABLE_OBJC_ARC = YES;
				CLANG_ENABLE_OBJC_WEAK = YES;
				CLANG_WARN_BLOCK_CAPTURE_AUTORELEASING = YES;
				CLANG_WARN_BOOL_CONVERSION = YES;
				CLANG_WARN_COMMA = YES;
				CLANG_WARN_CONSTANT_CONVERSION = YES;
				CLANG_WARN_DEPRECATED_OBJC_IMPLEMENTATIONS = YES;
				CLANG_WARN_DIRECT_OBJC_ISA_USAGE = YES_ERROR;
				CLANG_WARN_DOCUMENTATION_COMMENTS = YES;
				CLANG_WARN_EMPTY_BODY = YES;
				CLANG_WARN_ENUM_CONVERSION = YES;
				CLANG_WARN_INFINITE_RECURSION = YES;
				CLANG_WARN_INT_CONVERSION = YES;
				CLANG_WARN_NON_LITERAL_NULL_CONVERSION = YES;
				CLANG_WARN_OBJC_IMPLICIT_RETAIN_SELF = YES;
				CLANG_WARN_OBJC_LITERAL_CONVERSION = YES;
				CLANG_WARN_OBJC_ROOT_CLASS = YES_ERROR;
				CLANG_WARN_QUOTED_INCLUDE_IN_FRAMEWORK_HEADER = YES;
				CLANG_WARN_RANGE_LOOP_ANALYSIS = YES;
				CLANG_WARN_STRICT_PROTOTYPES = YES;
				CLANG_WARN_SUSPICIOUS_MOVE = YES;
				CLANG_WARN_UNGUARDED_AVAILABILITY = YES_AGGRESSIVE;
				CLANG_WARN_UNREACHABLE_CODE = YES;
				CLANG_WARN__DUPLICATE_METHOD_MATCH = YES;
				COPY_PHASE_STRIP = NO;
				DEBUG_INFORMATION_FORMAT = "dwarf-with-dsym";
				ENABLE_NS_ASSERTIONS = NO;
				ENABLE_STRICT_OBJC_MSGSEND = YES;
				GCC_C_LANGUAGE_STANDARD = gnu11;
				GCC_NO_COMMON_BLOCKS = YES;
				GCC_WARN_64_TO_32_BIT_CONVERSION = YES;
				GCC_WARN_ABOUT_RETURN_TYPE = YES_ERROR;
				GCC_WARN_UNDECLARED_SELECTOR = YES;
				GCC_WARN_UNINITIALIZED_AUTOS = YES_AGGRESSIVE;
				GCC_WARN_UNUSED_FUNCTION = YES;
				GCC_WARN_UNUSED_VARIABLE = YES;
				IPHONEOS_DEPLOYMENT_TARGET = 15.4;
				MTL_ENABLE_DEBUG_INFO = NO;
				MTL_FAST_MATH = YES;
				SDKROOT = iphoneos;
				SWIFT_COMPILATION_MODE = wholemodule;
				SWIFT_OPTIMIZATION_LEVEL = "-O";
				VALIDATE_PRODUCT = YES;
			};
			name = Release;
		};
		2EE942052824919400A94F11 /* Debug */ = {
			isa = XCBuildConfiguration;
			buildSettings = {
				ASSETCATALOG_COMPILER_APPICON_NAME = AppIcon;
				ASSETCATALOG_COMPILER_GLOBAL_ACCENT_COLOR_NAME = AccentColor;
				CODE_SIGN_STYLE = Automatic;
				CURRENT_PROJECT_VERSION = 1;
				DEVELOPMENT_TEAM = ASBDK94PDD;
				GENERATE_INFOPLIST_FILE = YES;
				INFOPLIST_FILE = "Instagrid/Supporting Files/Info.plist";
				INFOPLIST_KEY_UIApplicationSupportsIndirectInputEvents = YES;
				INFOPLIST_KEY_UILaunchStoryboardName = LaunchScreen;
				INFOPLIST_KEY_UIMainStoryboardFile = MainStoryboard;
				INFOPLIST_KEY_UISupportedInterfaceOrientations = "UIInterfaceOrientationPortrait UIInterfaceOrientationLandscapeLeft UIInterfaceOrientationLandscapeRight";
				INFOPLIST_KEY_UISupportedInterfaceOrientations_iPad = "UIInterfaceOrientationPortrait UIInterfaceOrientationPortraitUpsideDown UIInterfaceOrientationLandscapeLeft UIInterfaceOrientationLandscapeRight";
				INFOPLIST_KEY_UISupportedInterfaceOrientations_iPhone = "UIInterfaceOrientationPortrait UIInterfaceOrientationLandscapeLeft UIInterfaceOrientationLandscapeRight";
				LD_RUNPATH_SEARCH_PATHS = (
					"$(inherited)",
					"@executable_path/Frameworks",
				);
				MARKETING_VERSION = 1.0;
				PRODUCT_BUNDLE_IDENTIFIER = com.doriandragoni.Instagrid;
				PRODUCT_NAME = "$(TARGET_NAME)";
				SWIFT_EMIT_LOC_STRINGS = YES;
				SWIFT_VERSION = 5.0;
				TARGETED_DEVICE_FAMILY = 1;
			};
			name = Debug;
		};
		2EE942062824919400A94F11 /* Release */ = {
			isa = XCBuildConfiguration;
			buildSettings = {
				ASSETCATALOG_COMPILER_APPICON_NAME = AppIcon;
				ASSETCATALOG_COMPILER_GLOBAL_ACCENT_COLOR_NAME = AccentColor;
				CODE_SIGN_STYLE = Automatic;
				CURRENT_PROJECT_VERSION = 1;
				DEVELOPMENT_TEAM = ASBDK94PDD;
				GENERATE_INFOPLIST_FILE = YES;
				INFOPLIST_FILE = "Instagrid/Supporting Files/Info.plist";
				INFOPLIST_KEY_UIApplicationSupportsIndirectInputEvents = YES;
				INFOPLIST_KEY_UILaunchStoryboardName = LaunchScreen;
				INFOPLIST_KEY_UIMainStoryboardFile = MainStoryboard;
				INFOPLIST_KEY_UISupportedInterfaceOrientations = "UIInterfaceOrientationPortrait UIInterfaceOrientationLandscapeLeft UIInterfaceOrientationLandscapeRight";
				INFOPLIST_KEY_UISupportedInterfaceOrientations_iPad = "UIInterfaceOrientationPortrait UIInterfaceOrientationPortraitUpsideDown UIInterfaceOrientationLandscapeLeft UIInterfaceOrientationLandscapeRight";
				INFOPLIST_KEY_UISupportedInterfaceOrientations_iPhone = "UIInterfaceOrientationPortrait UIInterfaceOrientationLandscapeLeft UIInterfaceOrientationLandscapeRight";
				LD_RUNPATH_SEARCH_PATHS = (
					"$(inherited)",
					"@executable_path/Frameworks",
				);
				MARKETING_VERSION = 1.0;
				PRODUCT_BUNDLE_IDENTIFIER = com.doriandragoni.Instagrid;
				PRODUCT_NAME = "$(TARGET_NAME)";
				SWIFT_EMIT_LOC_STRINGS = YES;
				SWIFT_VERSION = 5.0;
				TARGETED_DEVICE_FAMILY = 1;
			};
			name = Release;
		};
/* End XCBuildConfiguration section */

/* Begin XCConfigurationList section */
		2EE941EB2824919300A94F11 /* Build configuration list for PBXProject "Instagrid" */ = {
			isa = XCConfigurationList;
			buildConfigurations = (
				2EE942022824919400A94F11 /* Debug */,
				2EE942032824919400A94F11 /* Release */,
			);
			defaultConfigurationIsVisible = 0;
			defaultConfigurationName = Release;
		};
		2EE942042824919400A94F11 /* Build configuration list for PBXNativeTarget "Instagrid" */ = {
			isa = XCConfigurationList;
			buildConfigurations = (
				2EE942052824919400A94F11 /* Debug */,
				2EE942062824919400A94F11 /* Release */,
			);
			defaultConfigurationIsVisible = 0;
			defaultConfigurationName = Release;
		};
/* End XCConfigurationList section */
	};
	rootObject = 2EE941E82824919300A94F11 /* Project object */;
}
